
Microsoft Visual Studio Solution File, Format Version 12.00
# Visual Studio Version 17
VisualStudioVersion = 17.6.33712.159
MinimumVisualStudioVersion = 10.0.40219.1
Project("{FAE04EC0-301F-11D3-BF4B-00C04F79EFBC}") = "UPayment-Case", "UPayment-Case\UPayment-Case.csproj", "{05DF9BE4-A6AB-481F-89A7-CA8DF94D5273}"
EndProject
Global
	GlobalSection(SolutionConfigurationPlatforms) = preSolution
		Debug|Any CPU = Debug|Any CPU
		Release|Any CPU = Release|Any CPU
	EndGlobalSection
	GlobalSection(ProjectConfigurationPlatforms) = postSolution
		{05DF9BE4-A6AB-481F-89A7-CA8DF94D5273}.Debug|Any CPU.ActiveCfg = Debug|Any CPU
		{05DF9BE4-A6AB-481F-89A7-CA8DF94D5273}.Debug|Any CPU.Build.0 = Debug|Any CPU
		{05DF9BE4-A6AB-481F-89A7-CA8DF94D5273}.Release|Any CPU.ActiveCfg = Release|Any CPU
		{05DF9BE4-A6AB-481F-89A7-CA8DF94D5273}.Release|Any CPU.Build.0 = Release|Any CPU
	EndGlobalSection
	GlobalSection(SolutionProperties) = preSolution
		HideSolutionNode = FALSE
	EndGlobalSection
	GlobalSection(ExtensibilityGlobals) = postSolution
		SolutionGuid = {03F1442F-6CBA-4C2A-B6B1-C0459444EC45}
	EndGlobalSection
EndGlobal
